
Microsoft Visual Studio Solution File, Format Version 12.00
# Visual Studio Version 16
VisualStudioVersion = 16.0.28803.202
MinimumVisualStudioVersion = 10.0.40219.1
Project("{FAE04EC0-301F-11D3-BF4B-00C04F79EFBC}") = "ScrumTable", "ScrumTable\ScrumTable.csproj", "{B5AFDB13-17D4-442C-A45D-A4229EAEF96E}"
EndProject
Global
	GlobalSection(SolutionConfigurationPlatforms) = preSolution
		Debug|Any CPU = Debug|Any CPU
		Release|Any CPU = Release|Any CPU
	EndGlobalSection
	GlobalSection(ProjectConfigurationPlatforms) = postSolution
		{B5AFDB13-17D4-442C-A45D-A4229EAEF96E}.Debug|Any CPU.ActiveCfg = Debug|Any CPU
		{B5AFDB13-17D4-442C-A45D-A4229EAEF96E}.Debug|Any CPU.Build.0 = Debug|Any CPU
		{B5AFDB13-17D4-442C-A45D-A4229EAEF96E}.Release|Any CPU.ActiveCfg = Release|Any CPU
		{B5AFDB13-17D4-442C-A45D-A4229EAEF96E}.Release|Any CPU.Build.0 = Release|Any CPU
	EndGlobalSection
	GlobalSection(SolutionProperties) = preSolution
		HideSolutionNode = FALSE
	EndGlobalSection
	GlobalSection(ExtensibilityGlobals) = postSolution
		SolutionGuid = {BFA4D7BE-93FA-4B45-865B-9D4BAAB3C104}
	EndGlobalSection
EndGlobal
